
Microsoft Visual Studio Solution File, Format Version 12.00
# Visual Studio Version 16
VisualStudioVersion = 16.0.33130.400
MinimumVisualStudioVersion = 10.0.40219.1
Project("{FAE04EC0-301F-11D3-BF4B-00C04F79EFBC}") = "SFTP", "SFTP\SFTP.csproj", "{E8DCE631-8825-42BE-9D19-0A8ED87AA585}"
EndProject
Global
	GlobalSection(SolutionConfigurationPlatforms) = preSolution
		Debug|Any CPU = Debug|Any CPU
		Release|Any CPU = Release|Any CPU
	EndGlobalSection
	GlobalSection(ProjectConfigurationPlatforms) = postSolution
		{E8DCE631-8825-42BE-9D19-0A8ED87AA585}.Debug|Any CPU.ActiveCfg = Debug|Any CPU
		{E8DCE631-8825-42BE-9D19-0A8ED87AA585}.Debug|Any CPU.Build.0 = Debug|Any CPU
		{E8DCE631-8825-42BE-9D19-0A8ED87AA585}.Release|Any CPU.ActiveCfg = Release|Any CPU
		{E8DCE631-8825-42BE-9D19-0A8ED87AA585}.Release|Any CPU.Build.0 = Release|Any CPU
	EndGlobalSection
	GlobalSection(SolutionProperties) = preSolution
		HideSolutionNode = FALSE
	EndGlobalSection
	GlobalSection(ExtensibilityGlobals) = postSolution
		SolutionGuid = {E03FD24C-3B2A-4EBA-8253-3FFBD8C88FDD}
	EndGlobalSection
EndGlobal
